{
  "name": "base-project-proto",
  "lockfileVersion": 2,
  "requires": true,
  "packages": {
    "": {
      "dependencies": {
        "@bufbuild/connect-web": "^0.1.0",
        "@bufbuild/protobuf": "^0.0.10"
      }
    },
    "node_modules/@bufbuild/connect-web": {
      "version": "0.1.0",
      "resolved": "https://registry.npmjs.org/@bufbuild/connect-web/-/connect-web-0.1.0.tgz",
      "integrity": "sha512-2f9f5p1eDGBF+xHWkwI8JSK5k1aOfe9ZgKoT6fPBREDrEW8m2e/yMSnSuHAcFyoFA9jwG4DzrQBfWSkqSFgzIw==",
      "peerDependencies": {
        "@bufbuild/protobuf": "0.0.10"
      }
    },
    "node_modules/@bufbuild/protobuf": {
      "version": "0.0.10",
      "resolved": "https://registry.npmjs.org/@bufbuild/protobuf/-/protobuf-0.0.10.tgz",
      "integrity": "sha512-KAIMq9+zgRms902o6Cwyv9q4+rf1cOlF41QpEPU8lWbyj+QViD7JjG4370Ev9JFJtJr1qO3ZMdjUhglH0gsDrg=="
    }
  },
  "dependencies": {
    "@bufbuild/connect-web": {
      "version": "0.1.0",
      "resolved": "https://registry.npmjs.org/@bufbuild/connect-web/-/connect-web-0.1.0.tgz",
      "integrity": "sha512-2f9f5p1eDGBF+xHWkwI8JSK5k1aOfe9ZgKoT6fPBREDrEW8m2e/yMSnSuHAcFyoFA9jwG4DzrQBfWSkqSFgzIw==",
      "requires": {}
    },
    "@bufbuild/protobuf": {
      "version": "0.0.10",
      "resolved": "https://registry.npmjs.org/@bufbuild/protobuf/-/protobuf-0.0.10.tgz",
      "integrity": "sha512-KAIMq9+zgRms902o6Cwyv9q4+rf1cOlF41QpEPU8lWbyj+QViD7JjG4370Ev9JFJtJr1qO3ZMdjUhglH0gsDrg=="
    }
  }
}
